
Microsoft Visual Studio Solution File, Format Version 12.00
# Visual Studio Version 16
VisualStudioVersion = 16.0.32630.194
MinimumVisualStudioVersion = 10.0.40219.1
Project("{FAE04EC0-301F-11D3-BF4B-00C04F79EFBC}") = "BST_SortedLinkedlist", "BST_SortedLinkedlist\BST_SortedLinkedlist.csproj", "{8B776390-AD16-46AB-81D6-525771BEA26E}"
EndProject
Global
	GlobalSection(SolutionConfigurationPlatforms) = preSolution
		Debug|Any CPU = Debug|Any CPU
		Release|Any CPU = Release|Any CPU
	EndGlobalSection
	GlobalSection(ProjectConfigurationPlatforms) = postSolution
		{8B776390-AD16-46AB-81D6-525771BEA26E}.Debug|Any CPU.ActiveCfg = Debug|Any CPU
		{8B776390-AD16-46AB-81D6-525771BEA26E}.Debug|Any CPU.Build.0 = Debug|Any CPU
		{8B776390-AD16-46AB-81D6-525771BEA26E}.Release|Any CPU.ActiveCfg = Release|Any CPU
		{8B776390-AD16-46AB-81D6-525771BEA26E}.Release|Any CPU.Build.0 = Release|Any CPU
	EndGlobalSection
	GlobalSection(SolutionProperties) = preSolution
		HideSolutionNode = FALSE
	EndGlobalSection
	GlobalSection(ExtensibilityGlobals) = postSolution
		SolutionGuid = {C71F15F9-7A39-48F6-B4B6-0BD64B843DBF}
	EndGlobalSection
EndGlobal
