
Microsoft Visual Studio Solution File, Format Version 12.00
# Visual Studio Version 16
VisualStudioVersion = 16.0.32630.194
MinimumVisualStudioVersion = 10.0.40219.1
Project("{FAE04EC0-301F-11D3-BF4B-00C04F79EFBC}") = "DeleteNode_Linkedlist", "DeleteNode_Linkedlist\DeleteNode_Linkedlist.csproj", "{EA28D66F-3573-457A-859C-68D1C3CC615F}"
EndProject
Global
	GlobalSection(SolutionConfigurationPlatforms) = preSolution
		Debug|Any CPU = Debug|Any CPU
		Release|Any CPU = Release|Any CPU
	EndGlobalSection
	GlobalSection(ProjectConfigurationPlatforms) = postSolution
		{EA28D66F-3573-457A-859C-68D1C3CC615F}.Debug|Any CPU.ActiveCfg = Debug|Any CPU
		{EA28D66F-3573-457A-859C-68D1C3CC615F}.Debug|Any CPU.Build.0 = Debug|Any CPU
		{EA28D66F-3573-457A-859C-68D1C3CC615F}.Release|Any CPU.ActiveCfg = Release|Any CPU
		{EA28D66F-3573-457A-859C-68D1C3CC615F}.Release|Any CPU.Build.0 = Release|Any CPU
	EndGlobalSection
	GlobalSection(SolutionProperties) = preSolution
		HideSolutionNode = FALSE
	EndGlobalSection
	GlobalSection(ExtensibilityGlobals) = postSolution
		SolutionGuid = {4C66A418-A81D-457B-8C80-1DE26B4FE758}
	EndGlobalSection
EndGlobal
