
Microsoft Visual Studio Solution File, Format Version 12.00
# Visual Studio Version 16
VisualStudioVersion = 16.0.32630.194
MinimumVisualStudioVersion = 10.0.40219.1
Project("{FAE04EC0-301F-11D3-BF4B-00C04F79EFBC}") = "Circular_LinkedList", "Circular_LinkedList\Circular_LinkedList.csproj", "{D6E00A9E-D2C9-4545-B286-C83246C6ACC5}"
EndProject
Global
	GlobalSection(SolutionConfigurationPlatforms) = preSolution
		Debug|Any CPU = Debug|Any CPU
		Release|Any CPU = Release|Any CPU
	EndGlobalSection
	GlobalSection(ProjectConfigurationPlatforms) = postSolution
		{D6E00A9E-D2C9-4545-B286-C83246C6ACC5}.Debug|Any CPU.ActiveCfg = Debug|Any CPU
		{D6E00A9E-D2C9-4545-B286-C83246C6ACC5}.Debug|Any CPU.Build.0 = Debug|Any CPU
		{D6E00A9E-D2C9-4545-B286-C83246C6ACC5}.Release|Any CPU.ActiveCfg = Release|Any CPU
		{D6E00A9E-D2C9-4545-B286-C83246C6ACC5}.Release|Any CPU.Build.0 = Release|Any CPU
	EndGlobalSection
	GlobalSection(SolutionProperties) = preSolution
		HideSolutionNode = FALSE
	EndGlobalSection
	GlobalSection(ExtensibilityGlobals) = postSolution
		SolutionGuid = {73C8BDBA-649A-4F59-B94E-E0B86BFAD70D}
	EndGlobalSection
EndGlobal
